{
  "requires": true,
  "lockfileVersion": 1,
  "dependencies": {
    "mongoose-autopopulate": {
      "version": "0.12.2",
      "resolved": "https://registry.npmjs.org/mongoose-autopopulate/-/mongoose-autopopulate-0.12.2.tgz",
      "integrity": "sha512-ZpjylV6ty0iqNjSWPgQWDMaBExnXrvCNhci9EnX49O0fOIVES1Qc7r1d+nxYBKvQutYW5UWs+fauahOTTlpjww=="
    }
  }
}
